
Microsoft Visual Studio Solution File, Format Version 12.00
# Visual Studio Version 17
VisualStudioVersion = 17.13.35913.81
MinimumVisualStudioVersion = 10.0.40219.1
Project("{2150E333-8FDC-42A3-9474-1A3956D46DE8}") = "Services", "Services", "{02EA681E-C7D8-13C7-8484-4AC65E1B71E8}"
EndProject
Project("{2150E333-8FDC-42A3-9474-1A3956D46DE8}") = "Catalog", "Catalog", "{C967D4A0-50A0-4F62-995C-AF978C0C121B}"
EndProject
Project("{FAE04EC0-301F-11D3-BF4B-00C04F79EFBC}") = "CatalogAPI", "Services\Catalog\CatalogAPI\CatalogAPI.csproj", "{26BD173C-0E0E-4DA2-9250-F2A9ED09DB18}"
EndProject
Project("{2150E333-8FDC-42A3-9474-1A3956D46DE8}") = "BuildingBlocks", "BuildingBlocks", "{ABE02252-1FF9-4D55-A718-0FAF77AAB033}"
EndProject
Project("{FAE04EC0-301F-11D3-BF4B-00C04F79EFBC}") = "BuildingBlocks", "BuildingBlocks\BuildingBlocks\BuildingBlocks.csproj", "{8D34C06D-6629-46C8-9866-9935B294250B}"
EndProject
Project("{E53339B2-1760-4266-BCC7-CA923CBCF16C}") = "docker-compose", "docker-compose.dcproj", "{81DDED9D-158B-E303-5F62-77A2896D2A5A}"
EndProject
Project("{2150E333-8FDC-42A3-9474-1A3956D46DE8}") = "Basket", "Basket", "{977D13A6-6118-4EC3-9C20-E1C6AAD1B37C}"
EndProject
Project("{FAE04EC0-301F-11D3-BF4B-00C04F79EFBC}") = "Basket.API", "Services\Basket\Basket.API\Basket.API.csproj", "{D6C077CD-5BDD-4793-930D-91BB6C27E32E}"
EndProject
Project("{2150E333-8FDC-42A3-9474-1A3956D46DE8}") = "Discount", "Discount", "{61F42EE0-CEF7-4B0D-8836-BBBB4D670956}"
EndProject
Project("{FAE04EC0-301F-11D3-BF4B-00C04F79EFBC}") = "Discount.Grpc", "Services\Discount\Discount.Grpc\Discount.Grpc.csproj", "{901BDD57-C60F-4DDB-9A3F-DFC41421DC1C}"
EndProject
Project("{2150E333-8FDC-42A3-9474-1A3956D46DE8}") = "Ordering", "Ordering", "{E7F23D5C-11C5-4F72-9EAA-1B10CA444D10}"
EndProject
Project("{FAE04EC0-301F-11D3-BF4B-00C04F79EFBC}") = "Ordering.API", "Services\Ordering\Ordering.API\Ordering.API.csproj", "{E5766163-31CD-4B31-8E5D-5C6CB495A9CA}"
EndProject
Project("{FAE04EC0-301F-11D3-BF4B-00C04F79EFBC}") = "Ordering.Domain", "Services\Ordering\Ordering.Domain\Ordering.Domain.csproj", "{76F64E0D-5B19-4601-AF10-172499708922}"
EndProject
Project("{FAE04EC0-301F-11D3-BF4B-00C04F79EFBC}") = "Ordering.Application", "Services\Ordering\Ordering.Application\Ordering.Application.csproj", "{0BC7AF8D-1D37-4A48-93DD-E5A213DE371A}"
EndProject
Project("{FAE04EC0-301F-11D3-BF4B-00C04F79EFBC}") = "Ordering.Infrastructure", "Services\Ordering\Ordering.Infrastructure\Ordering.Infrastructure.csproj", "{D4C5BB19-8358-4E49-ADAA-1F474CD22361}"
EndProject
Project("{FAE04EC0-301F-11D3-BF4B-00C04F79EFBC}") = "BuildingBlocks.Messaging", "BuildingBlocks\BuildingBlocks.Messaging\BuildingBlocks.Messaging.csproj", "{C6C7F194-9870-447A-8654-0681EAF55A09}"
EndProject
Project("{2150E333-8FDC-42A3-9474-1A3956D46DE8}") = "ApiGateways", "ApiGateways", "{96EFC306-522E-42AA-8081-0E185FD6F149}"
EndProject
Project("{FAE04EC0-301F-11D3-BF4B-00C04F79EFBC}") = "YarpApiGateway", "ApiGateways\YarpApiGateway\YarpApiGateway.csproj", "{F2E08A88-EB2D-41D9-93D2-721F2805A9C0}"
EndProject
Project("{2150E333-8FDC-42A3-9474-1A3956D46DE8}") = "WebApps", "WebApps", "{DE0E95EB-EEA7-4B74-B985-57ECCB9E73A3}"
EndProject
Project("{FAE04EC0-301F-11D3-BF4B-00C04F79EFBC}") = "Shopping.Web", "WebApps\Shopping.Web\Shopping.Web.csproj", "{50AF0A25-63D2-4911-84D7-7FEB964A7DD6}"
EndProject
Global
	GlobalSection(SolutionConfigurationPlatforms) = preSolution
		Debug|Any CPU = Debug|Any CPU
		Release|Any CPU = Release|Any CPU
	EndGlobalSection
	GlobalSection(ProjectConfigurationPlatforms) = postSolution
		{26BD173C-0E0E-4DA2-9250-F2A9ED09DB18}.Debug|Any CPU.ActiveCfg = Debug|Any CPU
		{26BD173C-0E0E-4DA2-9250-F2A9ED09DB18}.Debug|Any CPU.Build.0 = Debug|Any CPU
		{26BD173C-0E0E-4DA2-9250-F2A9ED09DB18}.Release|Any CPU.ActiveCfg = Release|Any CPU
		{26BD173C-0E0E-4DA2-9250-F2A9ED09DB18}.Release|Any CPU.Build.0 = Release|Any CPU
		{8D34C06D-6629-46C8-9866-9935B294250B}.Debug|Any CPU.ActiveCfg = Debug|Any CPU
		{8D34C06D-6629-46C8-9866-9935B294250B}.Debug|Any CPU.Build.0 = Debug|Any CPU
		{8D34C06D-6629-46C8-9866-9935B294250B}.Release|Any CPU.ActiveCfg = Release|Any CPU
		{8D34C06D-6629-46C8-9866-9935B294250B}.Release|Any CPU.Build.0 = Release|Any CPU
		{81DDED9D-158B-E303-5F62-77A2896D2A5A}.Debug|Any CPU.ActiveCfg = Debug|Any CPU
		{81DDED9D-158B-E303-5F62-77A2896D2A5A}.Debug|Any CPU.Build.0 = Debug|Any CPU
		{81DDED9D-158B-E303-5F62-77A2896D2A5A}.Release|Any CPU.ActiveCfg = Release|Any CPU
		{81DDED9D-158B-E303-5F62-77A2896D2A5A}.Release|Any CPU.Build.0 = Release|Any CPU
		{D6C077CD-5BDD-4793-930D-91BB6C27E32E}.Debug|Any CPU.ActiveCfg = Debug|Any CPU
		{D6C077CD-5BDD-4793-930D-91BB6C27E32E}.Debug|Any CPU.Build.0 = Debug|Any CPU
		{D6C077CD-5BDD-4793-930D-91BB6C27E32E}.Release|Any CPU.ActiveCfg = Release|Any CPU
		{D6C077CD-5BDD-4793-930D-91BB6C27E32E}.Release|Any CPU.Build.0 = Release|Any CPU
		{901BDD57-C60F-4DDB-9A3F-DFC41421DC1C}.Debug|Any CPU.ActiveCfg = Debug|Any CPU
		{901BDD57-C60F-4DDB-9A3F-DFC41421DC1C}.Debug|Any CPU.Build.0 = Debug|Any CPU
		{901BDD57-C60F-4DDB-9A3F-DFC41421DC1C}.Release|Any CPU.ActiveCfg = Release|Any CPU
		{901BDD57-C60F-4DDB-9A3F-DFC41421DC1C}.Release|Any CPU.Build.0 = Release|Any CPU
		{E5766163-31CD-4B31-8E5D-5C6CB495A9CA}.Debug|Any CPU.ActiveCfg = Debug|Any CPU
		{E5766163-31CD-4B31-8E5D-5C6CB495A9CA}.Debug|Any CPU.Build.0 = Debug|Any CPU
		{E5766163-31CD-4B31-8E5D-5C6CB495A9CA}.Release|Any CPU.ActiveCfg = Release|Any CPU
		{E5766163-31CD-4B31-8E5D-5C6CB495A9CA}.Release|Any CPU.Build.0 = Release|Any CPU
		{76F64E0D-5B19-4601-AF10-172499708922}.Debug|Any CPU.ActiveCfg = Debug|Any CPU
		{76F64E0D-5B19-4601-AF10-172499708922}.Debug|Any CPU.Build.0 = Debug|Any CPU
		{76F64E0D-5B19-4601-AF10-172499708922}.Release|Any CPU.ActiveCfg = Release|Any CPU
		{76F64E0D-5B19-4601-AF10-172499708922}.Release|Any CPU.Build.0 = Release|Any CPU
		{0BC7AF8D-1D37-4A48-93DD-E5A213DE371A}.Debug|Any CPU.ActiveCfg = Debug|Any CPU
		{0BC7AF8D-1D37-4A48-93DD-E5A213DE371A}.Debug|Any CPU.Build.0 = Debug|Any CPU
		{0BC7AF8D-1D37-4A48-93DD-E5A213DE371A}.Release|Any CPU.ActiveCfg = Release|Any CPU
		{0BC7AF8D-1D37-4A48-93DD-E5A213DE371A}.Release|Any CPU.Build.0 = Release|Any CPU
		{D4C5BB19-8358-4E49-ADAA-1F474CD22361}.Debug|Any CPU.ActiveCfg = Debug|Any CPU
		{D4C5BB19-8358-4E49-ADAA-1F474CD22361}.Debug|Any CPU.Build.0 = Debug|Any CPU
		{D4C5BB19-8358-4E49-ADAA-1F474CD22361}.Release|Any CPU.ActiveCfg = Release|Any CPU
		{D4C5BB19-8358-4E49-ADAA-1F474CD22361}.Release|Any CPU.Build.0 = Release|Any CPU
		{C6C7F194-9870-447A-8654-0681EAF55A09}.Debug|Any CPU.ActiveCfg = Debug|Any CPU
		{C6C7F194-9870-447A-8654-0681EAF55A09}.Debug|Any CPU.Build.0 = Debug|Any CPU
		{C6C7F194-9870-447A-8654-0681EAF55A09}.Release|Any CPU.ActiveCfg = Release|Any CPU
		{C6C7F194-9870-447A-8654-0681EAF55A09}.Release|Any CPU.Build.0 = Release|Any CPU
		{F2E08A88-EB2D-41D9-93D2-721F2805A9C0}.Debug|Any CPU.ActiveCfg = Debug|Any CPU
		{F2E08A88-EB2D-41D9-93D2-721F2805A9C0}.Debug|Any CPU.Build.0 = Debug|Any CPU
		{F2E08A88-EB2D-41D9-93D2-721F2805A9C0}.Release|Any CPU.ActiveCfg = Release|Any CPU
		{F2E08A88-EB2D-41D9-93D2-721F2805A9C0}.Release|Any CPU.Build.0 = Release|Any CPU
		{50AF0A25-63D2-4911-84D7-7FEB964A7DD6}.Debug|Any CPU.ActiveCfg = Debug|Any CPU
		{50AF0A25-63D2-4911-84D7-7FEB964A7DD6}.Debug|Any CPU.Build.0 = Debug|Any CPU
		{50AF0A25-63D2-4911-84D7-7FEB964A7DD6}.Release|Any CPU.ActiveCfg = Release|Any CPU
		{50AF0A25-63D2-4911-84D7-7FEB964A7DD6}.Release|Any CPU.Build.0 = Release|Any CPU
	EndGlobalSection
	GlobalSection(SolutionProperties) = preSolution
		HideSolutionNode = FALSE
	EndGlobalSection
	GlobalSection(NestedProjects) = preSolution
		{C967D4A0-50A0-4F62-995C-AF978C0C121B} = {02EA681E-C7D8-13C7-8484-4AC65E1B71E8}
		{26BD173C-0E0E-4DA2-9250-F2A9ED09DB18} = {C967D4A0-50A0-4F62-995C-AF978C0C121B}
		{8D34C06D-6629-46C8-9866-9935B294250B} = {ABE02252-1FF9-4D55-A718-0FAF77AAB033}
		{977D13A6-6118-4EC3-9C20-E1C6AAD1B37C} = {02EA681E-C7D8-13C7-8484-4AC65E1B71E8}
		{D6C077CD-5BDD-4793-930D-91BB6C27E32E} = {977D13A6-6118-4EC3-9C20-E1C6AAD1B37C}
		{61F42EE0-CEF7-4B0D-8836-BBBB4D670956} = {02EA681E-C7D8-13C7-8484-4AC65E1B71E8}
		{901BDD57-C60F-4DDB-9A3F-DFC41421DC1C} = {61F42EE0-CEF7-4B0D-8836-BBBB4D670956}
		{E7F23D5C-11C5-4F72-9EAA-1B10CA444D10} = {02EA681E-C7D8-13C7-8484-4AC65E1B71E8}
		{E5766163-31CD-4B31-8E5D-5C6CB495A9CA} = {E7F23D5C-11C5-4F72-9EAA-1B10CA444D10}
		{76F64E0D-5B19-4601-AF10-172499708922} = {E7F23D5C-11C5-4F72-9EAA-1B10CA444D10}
		{0BC7AF8D-1D37-4A48-93DD-E5A213DE371A} = {E7F23D5C-11C5-4F72-9EAA-1B10CA444D10}
		{D4C5BB19-8358-4E49-ADAA-1F474CD22361} = {E7F23D5C-11C5-4F72-9EAA-1B10CA444D10}
		{C6C7F194-9870-447A-8654-0681EAF55A09} = {ABE02252-1FF9-4D55-A718-0FAF77AAB033}
		{F2E08A88-EB2D-41D9-93D2-721F2805A9C0} = {96EFC306-522E-42AA-8081-0E185FD6F149}
		{50AF0A25-63D2-4911-84D7-7FEB964A7DD6} = {DE0E95EB-EEA7-4B74-B985-57ECCB9E73A3}
	EndGlobalSection
	GlobalSection(ExtensibilityGlobals) = postSolution
		SolutionGuid = {732B7754-5E12-4921-B369-9ABF64D01907}
	EndGlobalSection
EndGlobal
